// !$*UTF8*$!
{
	archiveVersion = 1;
	classes = {
	};
	objectVersion = 50;
	objects = {

/* Begin PBXBuildFile section */
		BCB815FB250C486900515E89 /* AppDelegate.swift in Sources */ = {isa = PBXBuildFile; fileRef = BCB815FA250C486900515E89 /* AppDelegate.swift */; };
		BCB815FD250C486900515E89 /* SceneDelegate.swift in Sources */ = {isa = PBXBuildFile; fileRef = BCB815FC250C486900515E89 /* SceneDelegate.swift */; };
		BCB815FF250C486900515E89 /* ViewController.swift in Sources */ = {isa = PBXBuildFile; fileRef = BCB815FE250C486900515E89 /* ViewController.swift */; };
		BCB81602250C486900515E89 /* Main.storyboard in Resources */ = {isa = PBXBuildFile; fileRef = BCB81600250C486900515E89 /* Main.storyboard */; };
		BCB81604250C486B00515E89 /* Assets.xcassets in Resources */ = {isa = PBXBuildFile; fileRef = BCB81603250C486B00515E89 /* Assets.xcassets */; };
		BCB81607250C486B00515E89 /* LaunchScreen.storyboard in Resources */ = {isa = PBXBuildFile; fileRef = BCB81605250C486B00515E89 /* LaunchScreen.storyboard */; };
		BCB8160F250C69D500515E89 /* QuestionViewController.swift in Sources */ = {isa = PBXBuildFile; fileRef = BCB8160E250C69D500515E89 /* QuestionViewController.swift */; };
		BCB81611250C9D7C00515E89 /* TopViewController.swift in Sources */ = {isa = PBXBuildFile; fileRef = BCB81610250C9D7C00515E89 /* TopViewController.swift */; };
		BCB81613250CAD8500515E89 /* AnswerCountViewController.swift in Sources */ = {isa = PBXBuildFile; fileRef = BCB81612250CAD8500515E89 /* AnswerCountViewController.swift */; };
/* End PBXBuildFile section */

/* Begin PBXFileReference section */
		BCB815F7250C486900515E89 /* MarubatsuApp.app */ = {isa = PBXFileReference; explicitFileType = wrapper.application; includeInIndex = 0; path = MarubatsuApp.app; sourceTree = BUILT_PRODUCTS_DIR; };
		BCB815FA250C486900515E89 /* AppDelegate.swift */ = {isa = PBXFileReference; lastKnownFileType = sourcecode.swift; path = AppDelegate.swift; sourceTree = "<group>"; };
		BCB815FC250C486900515E89 /* SceneDelegate.swift */ = {isa = PBXFileReference; lastKnownFileType = sourcecode.swift; path = SceneDelegate.swift; sourceTree = "<group>"; };
		BCB815FE250C486900515E89 /* ViewController.swift */ = {isa = PBXFileReference; lastKnownFileType = sourcecode.swift; path = ViewController.swift; sourceTree = "<group>"; };
		BCB81601250C486900515E89 /* Base */ = {isa = PBXFileReference; lastKnownFileType = file.storyboard; name = Base; path = Base.lproj/Main.storyboard; sourceTree = "<group>"; };
		BCB81603250C486B00515E89 /* Assets.xcassets */ = {isa = PBXFileReference; lastKnownFileType = folder.assetcatalog; path = Assets.xcassets; sourceTree = "<group>"; };
		BCB81606250C486B00515E89 /* Base */ = {isa = PBXFileReference; lastKnownFileType = file.storyboard; name = Base; path = Base.lproj/LaunchScreen.storyboard; sourceTree = "<group>"; };
		BCB81608250C486B00515E89 /* Info.plist */ = {isa = PBXFileReference; lastKnownFileType = text.plist.xml; path = Info.plist; sourceTree = "<group>"; };
		BCB8160E250C69D500515E89 /* QuestionViewController.swift */ = {isa = PBXFileReference; lastKnownFileType = sourcecode.swift; path = QuestionViewController.swift; sourceTree = "<group>"; };
		BCB81610250C9D7C00515E89 /* TopViewController.swift */ = {isa = PBXFileReference; lastKnownFileType = sourcecode.swift; path = TopViewController.swift; sourceTree = "<group>"; };
		BCB81612250CAD8500515E89 /* AnswerCountViewController.swift */ = {isa = PBXFileReference; lastKnownFileType = sourcecode.swift; path = AnswerCountViewController.swift; sourceTree = "<group>"; };
/* End PBXFileReference section */

/* Begin PBXFrameworksBuildPhase section */
		BCB815F4250C486900515E89 /* Frameworks */ = {
			isa = PBXFrameworksBuildPhase;
			buildActionMask = 2147483647;
			files = (
			);
			runOnlyForDeploymentPostprocessing = 0;
		};
/* End PBXFrameworksBuildPhase section */

/* Begin PBXGroup section */
		BCB815EE250C486900515E89 = {
			isa = PBXGroup;
			children = (
				BCB815F9250C486900515E89 /* MarubatsuApp */,
				BCB815F8250C486900515E89 /* Products */,
			);
			sourceTree = "<group>";
		};
		BCB815F8250C486900515E89 /* Products */ = {
			isa = PBXGroup;
			children = (
				BCB815F7250C486900515E89 /* MarubatsuApp.app */,
			);
			name = Products;
			sourceTree = "<group>";
		};
		BCB815F9250C486900515E89 /* MarubatsuApp */ = {
			isa = PBXGroup;
			children = (
				BCB815FA250C486900515E89 /* AppDelegate.swift */,
				BCB815FC250C486900515E89 /* SceneDelegate.swift */,
				BCB81610250C9D7C00515E89 /* TopViewController.swift */,
				BCB815FE250C486900515E89 /* ViewController.swift */,
				BCB8160E250C69D500515E89 /* QuestionViewController.swift */,
				BCB81612250CAD8500515E89 /* AnswerCountViewController.swift */,
				BCB81600250C486900515E89 /* Main.storyboard */,
				BCB81603250C486B00515E89 /* Assets.xcassets */,
				BCB81605250C486B00515E89 /* LaunchScreen.storyboard */,
				BCB81608250C486B00515E89 /* Info.plist */,
			);
			path = MarubatsuApp;
			sourceTree = "<group>";
		};
/* End PBXGroup section */

/* Begin PBXNativeTarget section */
		BCB815F6250C486900515E89 /* MarubatsuApp */ = {
			isa = PBXNativeTarget;
			buildConfigurationList = BCB8160B250C486B00515E89 /* Build configuration list for PBXNativeTarget "MarubatsuApp" */;
			buildPhases = (
				BCB815F3250C486900515E89 /* Sources */,
				BCB815F4250C486900515E89 /* Frameworks */,
				BCB815F5250C486900515E89 /* Resources */,
			);
			buildRules = (
			);
			dependencies = (
			);
			name = MarubatsuApp;
			productName = MarubatsuApp;
			productReference = BCB815F7250C486900515E89 /* MarubatsuApp.app */;
			productType = "com.apple.product-type.application";
		};
/* End PBXNativeTarget section */

/* Begin PBXProject section */
		BCB815EF250C486900515E89 /* Project object */ = {
			isa = PBXProject;
			attributes = {
				LastSwiftUpdateCheck = 1170;
				LastUpgradeCheck = 1170;
				ORGANIZATIONNAME = shuichiama.com;
				TargetAttributes = {
					BCB815F6250C486900515E89 = {
						CreatedOnToolsVersion = 11.7;
					};
				};
			};
			buildConfigurationList = BCB815F2250C486900515E89 /* Build configuration list for PBXProject "MarubatsuApp" */;
			compatibilityVersion = "Xcode 9.3";
			developmentRegion = en;
			hasScannedForEncodings = 0;
			knownRegions = (
				en,
				Base,
			);
			mainGroup = BCB815EE250C486900515E89;
			productRefGroup = BCB815F8250C486900515E89 /* Products */;
			projectDirPath = "";
			projectRoot = "";
			targets = (
				BCB815F6250C486900515E89 /* MarubatsuApp */,
			);
		};
/* End PBXProject section */

/* Begin PBXResourcesBuildPhase section */
		BCB815F5250C486900515E89 /* Resources */ = {
			isa = PBXResourcesBuildPhase;
			buildActionMask = 2147483647;
			files = (
				BCB81607250C486B00515E89 /* LaunchScreen.storyboard in Resources */,
				BCB81604250C486B00515E89 /* Assets.xcassets in Resources */,
				BCB81602250C486900515E89 /* Main.storyboard in Resources */,
			);
			runOnlyForDeploymentPostprocessing = 0;
		};
/* End PBXResourcesBuildPhase section */

/* Begin PBXSourcesBuildPhase section */
		BCB815F3250C486900515E89 /* Sources */ = {
			isa = PBXSourcesBuildPhase;
			buildActionMask = 2147483647;
			files = (
				BCB81613250CAD8500515E89 /* AnswerCountViewController.swift in Sources */,
				BCB815FF250C486900515E89 /* ViewController.swift in Sources */,
				BCB815FB250C486900515E89 /* AppDelegate.swift in Sources */,
				BCB8160F250C69D500515E89 /* QuestionViewController.swift in Sources */,
				BCB815FD250C486900515E89 /* SceneDelegate.swift in Sources */,
				BCB81611250C9D7C00515E89 /* TopViewController.swift in Sources */,
			);
			runOnlyForDeploymentPostprocessing = 0;
		};
/* End PBXSourcesBuildPhase section */

/* Begin PBXVariantGroup section */
		BCB81600250C486900515E89 /* Main.storyboard */ = {
			isa = PBXVariantGroup;
			children = (
				BCB81601250C486900515E89 /* Base */,
			);
			name = Main.storyboard;
			sourceTree = "<group>";
		};
		BCB81605250C486B00515E89 /* LaunchScreen.storyboard */ = {
			isa = PBXVariantGroup;
			children = (
				BCB81606250C486B00515E89 /* Base */,
			);
			name = LaunchScreen.storyboard;
			sourceTree = "<group>";
		};
/* End PBXVariantGroup section */

/* Begin XCBuildConfiguration section */
		BCB81609250C486B00515E89 /* Debug */ = {
			isa = XCBuildConfiguration;
			buildSettings = {
				ALWAYS_SEARCH_USER_PATHS = NO;
				CLANG_ANALYZER_NONNULL = YES;
				CLANG_ANALYZER_NUMBER_OBJECT_CONVERSION = YES_AGGRESSIVE;
				CLANG_CXX_LANGUAGE_STANDARD = "gnu++14";
				CLANG_CXX_LIBRARY = "libc++";
				CLANG_ENABLE_MODULES = YES;
				CLANG_ENABLE_OBJC_ARC = YES;
				CLANG_ENABLE_OBJC_WEAK = YES;
				CLANG_WARN_BLOCK_CAPTURE_AUTORELEASING = YES;
				CLANG_WARN_BOOL_CONVERSION = YES;
				CLANG_WARN_COMMA = YES;
				CLANG_WARN_CONSTANT_CONVERSION = YES;
				CLANG_WARN_DEPRECATED_OBJC_IMPLEMENTATIONS = YES;
				CLANG_WARN_DIRECT_OBJC_ISA_USAGE = YES_ERROR;
				CLANG_WARN_DOCUMENTATION_COMMENTS = YES;
				CLANG_WARN_EMPTY_BODY = YES;
				CLANG_WARN_ENUM_CONVERSION = YES;
				CLANG_WARN_INFINITE_RECURSION = YES;
				CLANG_WARN_INT_CONVERSION = YES;
				CLANG_WARN_NON_LITERAL_NULL_CONVERSION = YES;
				CLANG_WARN_OBJC_IMPLICIT_RETAIN_SELF = YES;
				CLANG_WARN_OBJC_LITERAL_CONVERSION = YES;
				CLANG_WARN_OBJC_ROOT_CLASS = YES_ERROR;
				CLANG_WARN_RANGE_LOOP_ANALYSIS = YES;
				CLANG_WARN_STRICT_PROTOTYPES = YES;
				CLANG_WARN_SUSPICIOUS_MOVE = YES;
				CLANG_WARN_UNGUARDED_AVAILABILITY = YES_AGGRESSIVE;
				CLANG_WARN_UNREACHABLE_CODE = YES;
				CLANG_WARN__DUPLICATE_METHOD_MATCH = YES;
				COPY_PHASE_STRIP = NO;
				DEBUG_INFORMATION_FORMAT = dwarf;
				ENABLE_STRICT_OBJC_MSGSEND = YES;
				ENABLE_TESTABILITY = YES;
				GCC_C_LANGUAGE_STANDARD = gnu11;
				GCC_DYNAMIC_NO_PIC = NO;
				GCC_NO_COMMON_BLOCKS = YES;
				GCC_OPTIMIZATION_LEVEL = 0;
				GCC_PREPROCESSOR_DEFINITIONS = (
					"DEBUG=1",
					"$(inherited)",
				);
				GCC_WARN_64_TO_32_BIT_CONVERSION = YES;
				GCC_WARN_ABOUT_RETURN_TYPE = YES_ERROR;
				GCC_WARN_UNDECLARED_SELECTOR = YES;
				GCC_WARN_UNINITIALIZED_AUTOS = YES_AGGRESSIVE;
				GCC_WARN_UNUSED_FUNCTION = YES;
				GCC_WARN_UNUSED_VARIABLE = YES;
				IPHONEOS_DEPLOYMENT_TARGET = 13.7;
				MTL_ENABLE_DEBUG_INFO = INCLUDE_SOURCE;
				MTL_FAST_MATH = YES;
				ONLY_ACTIVE_ARCH = YES;
				SDKROOT = iphoneos;
				SWIFT_ACTIVE_COMPILATION_CONDITIONS = DEBUG;
				SWIFT_OPTIMIZATION_LEVEL = "-Onone";
			};
			name = Debug;
		};
		BCB8160A250C486B00515E89 /* Release */ = {
			isa = XCBuildConfiguration;
			buildSettings = {
				ALWAYS_SEARCH_USER_PATHS = NO;
				CLANG_ANALYZER_NONNULL = YES;
				CLANG_ANALYZER_NUMBER_OBJECT_CONVERSION = YES_AGGRESSIVE;
				CLANG_CXX_LANGUAGE_STANDARD = "gnu++14";
				CLANG_CXX_LIBRARY = "libc++";
				CLANG_ENABLE_MODULES = YES;
				CLANG_ENABLE_OBJC_ARC = YES;
				CLANG_ENABLE_OBJC_WEAK = YES;
				CLANG_WARN_BLOCK_CAPTURE_AUTORELEASING = YES;
				CLANG_WARN_BOOL_CONVERSION = YES;
				CLANG_WARN_COMMA = YES;
				CLANG_WARN_CONSTANT_CONVERSION = YES;
				CLANG_WARN_DEPRECATED_OBJC_IMPLEMENTATIONS = YES;
				CLANG_WARN_DIRECT_OBJC_ISA_USAGE = YES_ERROR;
				CLANG_WARN_DOCUMENTATION_COMMENTS = YES;
				CLANG_WARN_EMPTY_BODY = YES;
				CLANG_WARN_ENUM_CONVERSION = YES;
				CLANG_WARN_INFINITE_RECURSION = YES;
				CLANG_WARN_INT_CONVERSION = YES;
				CLANG_WARN_NON_LITERAL_NULL_CONVERSION = YES;
				CLANG_WARN_OBJC_IMPLICIT_RETAIN_SELF = YES;
				CLANG_WARN_OBJC_LITERAL_CONVERSION = YES;
				CLANG_WARN_OBJC_ROOT_CLASS = YES_ERROR;
				CLANG_WARN_RANGE_LOOP_ANALYSIS = YES;
				CLANG_WARN_STRICT_PROTOTYPES = YES;
				CLANG_WARN_SUSPICIOUS_MOVE = YES;
				CLANG_WARN_UNGUARDED_AVAILABILITY = YES_AGGRESSIVE;
				CLANG_WARN_UNREACHABLE_CODE = YES;
				CLANG_WARN__DUPLICATE_METHOD_MATCH = YES;
				COPY_PHASE_STRIP = NO;
				DEBUG_INFORMATION_FORMAT = "dwarf-with-dsym";
				ENABLE_NS_ASSERTIONS = NO;
				ENABLE_STRICT_OBJC_MSGSEND = YES;
				GCC_C_LANGUAGE_STANDARD = gnu11;
				GCC_NO_COMMON_BLOCKS = YES;
				GCC_WARN_64_TO_32_BIT_CONVERSION = YES;
				GCC_WARN_ABOUT_RETURN_TYPE = YES_ERROR;
				GCC_WARN_UNDECLARED_SELECTOR = YES;
				GCC_WARN_UNINITIALIZED_AUTOS = YES_AGGRESSIVE;
				GCC_WARN_UNUSED_FUNCTION = YES;
				GCC_WARN_UNUSED_VARIABLE = YES;
				IPHONEOS_DEPLOYMENT_TARGET = 13.7;
				MTL_ENABLE_DEBUG_INFO = NO;
				MTL_FAST_MATH = YES;
				SDKROOT = iphoneos;
				SWIFT_COMPILATION_MODE = wholemodule;
				SWIFT_OPTIMIZATION_LEVEL = "-O";
				VALIDATE_PRODUCT = YES;
			};
			name = Release;
		};
		BCB8160C250C486B00515E89 /* Debug */ = {
			isa = XCBuildConfiguration;
			buildSettings = {
				ASSETCATALOG_COMPILER_APPICON_NAME = AppIcon;
				CODE_SIGN_STYLE = Automatic;
				DEVELOPMENT_TEAM = 9T9W9H48HD;
				INFOPLIST_FILE = MarubatsuApp/Info.plist;
				LD_RUNPATH_SEARCH_PATHS = (
					"$(inherited)",
					"@executable_path/Frameworks",
				);
				PRODUCT_BUNDLE_IDENTIFIER = com.shuichiama.MarubatsuApp;
				PRODUCT_NAME = "$(TARGET_NAME)";
				SWIFT_VERSION = 5.0;
				TARGETED_DEVICE_FAMILY = "1,2";
			};
			name = Debug;
		};
		BCB8160D250C486B00515E89 /* Release */ = {
			isa = XCBuildConfiguration;
			buildSettings = {
				ASSETCATALOG_COMPILER_APPICON_NAME = AppIcon;
				CODE_SIGN_STYLE = Automatic;
				DEVELOPMENT_TEAM = 9T9W9H48HD;
				INFOPLIST_FILE = MarubatsuApp/Info.plist;
				LD_RUNPATH_SEARCH_PATHS = (
					"$(inherited)",
					"@executable_path/Frameworks",
				);
				PRODUCT_BUNDLE_IDENTIFIER = com.shuichiama.MarubatsuApp;
				PRODUCT_NAME = "$(TARGET_NAME)";
				SWIFT_VERSION = 5.0;
				TARGETED_DEVICE_FAMILY = "1,2";
			};
			name = Release;
		};
/* End XCBuildConfiguration section */

/* Begin XCConfigurationList section */
		BCB815F2250C486900515E89 /* Build configuration list for PBXProject "MarubatsuApp" */ = {
			isa = XCConfigurationList;
			buildConfigurations = (
				BCB81609250C486B00515E89 /* Debug */,
				BCB8160A250C486B00515E89 /* Release */,
			);
			defaultConfigurationIsVisible = 0;
			defaultConfigurationName = Release;
		};
		BCB8160B250C486B00515E89 /* Build configuration list for PBXNativeTarget "MarubatsuApp" */ = {
			isa = XCConfigurationList;
			buildConfigurations = (
				BCB8160C250C486B00515E89 /* Debug */,
				BCB8160D250C486B00515E89 /* Release */,
			);
			defaultConfigurationIsVisible = 0;
			defaultConfigurationName = Release;
		};
/* End XCConfigurationList section */
	};
	rootObject = BCB815EF250C486900515E89 /* Project object */;
}
